
Microsoft Visual Studio Solution File, Format Version 12.00
# Visual Studio Version 17
VisualStudioVersion = 17.9.34723.18
MinimumVisualStudioVersion = 10.0.40219.1
Project("{9A19103F-16F7-4668-BE54-9A1E7A4F7556}") = "ThanhBuoi", "..\ThanhBuoi\ThanhBuoi.csproj", "{425FB698-63E4-4AB5-AF08-6D4F7D9226E3}"
EndProject
Project("{9A19103F-16F7-4668-BE54-9A1E7A4F7556}") = "ThanhBuoiAPI", "ThanhBuoiAPI.csproj", "{EDAEC63A-1F9F-4991-9A5A-98ECD4D0D0EF}"
EndProject
Global
	GlobalSection(SolutionConfigurationPlatforms) = preSolution
		Debug|Any CPU = Debug|Any CPU
		Release|Any CPU = Release|Any CPU
		ThanhBuoiAPI|Any CPU = ThanhBuoiAPI|Any CPU
	EndGlobalSection
	GlobalSection(ProjectConfigurationPlatforms) = postSolution
		{425FB698-63E4-4AB5-AF08-6D4F7D9226E3}.Debug|Any CPU.ActiveCfg = Debug|Any CPU
		{425FB698-63E4-4AB5-AF08-6D4F7D9226E3}.Debug|Any CPU.Build.0 = Debug|Any CPU
		{425FB698-63E4-4AB5-AF08-6D4F7D9226E3}.Release|Any CPU.ActiveCfg = Release|Any CPU
		{425FB698-63E4-4AB5-AF08-6D4F7D9226E3}.Release|Any CPU.Build.0 = Release|Any CPU
		{425FB698-63E4-4AB5-AF08-6D4F7D9226E3}.ThanhBuoiAPI|Any CPU.ActiveCfg = Debug|Any CPU
		{425FB698-63E4-4AB5-AF08-6D4F7D9226E3}.ThanhBuoiAPI|Any CPU.Build.0 = Debug|Any CPU
		{EDAEC63A-1F9F-4991-9A5A-98ECD4D0D0EF}.Debug|Any CPU.ActiveCfg = Debug|Any CPU
		{EDAEC63A-1F9F-4991-9A5A-98ECD4D0D0EF}.Debug|Any CPU.Build.0 = Debug|Any CPU
		{EDAEC63A-1F9F-4991-9A5A-98ECD4D0D0EF}.Release|Any CPU.ActiveCfg = Release|Any CPU
		{EDAEC63A-1F9F-4991-9A5A-98ECD4D0D0EF}.Release|Any CPU.Build.0 = Release|Any CPU
		{EDAEC63A-1F9F-4991-9A5A-98ECD4D0D0EF}.ThanhBuoiAPI|Any CPU.ActiveCfg = ThanhBuoiAPI|Any CPU
		{EDAEC63A-1F9F-4991-9A5A-98ECD4D0D0EF}.ThanhBuoiAPI|Any CPU.Build.0 = ThanhBuoiAPI|Any CPU
	EndGlobalSection
	GlobalSection(SolutionProperties) = preSolution
		HideSolutionNode = FALSE
	EndGlobalSection
	GlobalSection(ExtensibilityGlobals) = postSolution
		SolutionGuid = {F274A365-43CA-42F3-AC1A-4A1FC87431D9}
	EndGlobalSection
EndGlobal
